
Microsoft Visual Studio Solution File, Format Version 12.00
# Visual Studio Version 17
VisualStudioVersion = 17.5.33424.131
MinimumVisualStudioVersion = 10.0.40219.1
Project("{FAE04EC0-301F-11D3-BF4B-00C04F79EFBC}") = "BaiTapNhom14_CTK45B", "BaiTapNhom14_CTK45B\BaiTapNhom14_CTK45B.csproj", "{48ACA404-BA12-4518-A605-F367F806189B}"
EndProject
Global
	GlobalSection(SolutionConfigurationPlatforms) = preSolution
		Debug|Any CPU = Debug|Any CPU
		Release|Any CPU = Release|Any CPU
	EndGlobalSection
	GlobalSection(ProjectConfigurationPlatforms) = postSolution
		{48ACA404-BA12-4518-A605-F367F806189B}.Debug|Any CPU.ActiveCfg = Debug|Any CPU
		{48ACA404-BA12-4518-A605-F367F806189B}.Debug|Any CPU.Build.0 = Debug|Any CPU
		{48ACA404-BA12-4518-A605-F367F806189B}.Release|Any CPU.ActiveCfg = Release|Any CPU
		{48ACA404-BA12-4518-A605-F367F806189B}.Release|Any CPU.Build.0 = Release|Any CPU
	EndGlobalSection
	GlobalSection(SolutionProperties) = preSolution
		HideSolutionNode = FALSE
	EndGlobalSection
	GlobalSection(ExtensibilityGlobals) = postSolution
		SolutionGuid = {FFFE4C25-24ED-47A6-B5D4-2A4868D03521}
	EndGlobalSection
EndGlobal
