
Microsoft Visual Studio Solution File, Format Version 12.00
# Visual Studio Version 16
VisualStudioVersion = 16.0.30711.63
MinimumVisualStudioVersion = 10.0.40219.1
Project("{FAE04EC0-301F-11D3-BF4B-00C04F79EFBC}") = "2115229_NguyenNhatLinh_Lab4", "2115229_NguyenNhatLinh_Lab4\2115229_NguyenNhatLinh_Lab4.csproj", "{486BFE91-C88D-48A0-B1B0-48ECAF2B9B80}"
EndProject
Global
	GlobalSection(SolutionConfigurationPlatforms) = preSolution
		Debug|Any CPU = Debug|Any CPU
		Release|Any CPU = Release|Any CPU
	EndGlobalSection
	GlobalSection(ProjectConfigurationPlatforms) = postSolution
		{486BFE91-C88D-48A0-B1B0-48ECAF2B9B80}.Debug|Any CPU.ActiveCfg = Debug|Any CPU
		{486BFE91-C88D-48A0-B1B0-48ECAF2B9B80}.Debug|Any CPU.Build.0 = Debug|Any CPU
		{486BFE91-C88D-48A0-B1B0-48ECAF2B9B80}.Release|Any CPU.ActiveCfg = Release|Any CPU
		{486BFE91-C88D-48A0-B1B0-48ECAF2B9B80}.Release|Any CPU.Build.0 = Release|Any CPU
	EndGlobalSection
	GlobalSection(SolutionProperties) = preSolution
		HideSolutionNode = FALSE
	EndGlobalSection
	GlobalSection(ExtensibilityGlobals) = postSolution
		SolutionGuid = {BD0304F7-DFDF-47D5-B2C6-57B53AB89CB1}
	EndGlobalSection
EndGlobal
