
Microsoft Visual Studio Solution File, Format Version 12.00
# Visual Studio Version 16
VisualStudioVersion = 16.0.30711.63
MinimumVisualStudioVersion = 10.0.40219.1
Project("{FAE04EC0-301F-11D3-BF4B-00C04F79EFBC}") = "BuoiThucHanh3", "BuoiThucHanh3\BuoiThucHanh3.csproj", "{27E982AA-4CAE-42D0-8900-076C7A4B1813}"
EndProject
Global
	GlobalSection(SolutionConfigurationPlatforms) = preSolution
		Debug|Any CPU = Debug|Any CPU
		Release|Any CPU = Release|Any CPU
	EndGlobalSection
	GlobalSection(ProjectConfigurationPlatforms) = postSolution
		{27E982AA-4CAE-42D0-8900-076C7A4B1813}.Debug|Any CPU.ActiveCfg = Debug|Any CPU
		{27E982AA-4CAE-42D0-8900-076C7A4B1813}.Debug|Any CPU.Build.0 = Debug|Any CPU
		{27E982AA-4CAE-42D0-8900-076C7A4B1813}.Release|Any CPU.ActiveCfg = Release|Any CPU
		{27E982AA-4CAE-42D0-8900-076C7A4B1813}.Release|Any CPU.Build.0 = Release|Any CPU
	EndGlobalSection
	GlobalSection(SolutionProperties) = preSolution
		HideSolutionNode = FALSE
	EndGlobalSection
	GlobalSection(ExtensibilityGlobals) = postSolution
		SolutionGuid = {AC8EEFA0-C8DE-4268-9669-FD5E79458E89}
	EndGlobalSection
EndGlobal
