
Microsoft Visual Studio Solution File, Format Version 12.00
# Visual Studio Version 16
VisualStudioVersion = 16.0.29911.84
MinimumVisualStudioVersion = 10.0.40219.1
Project("{FAE04EC0-301F-11D3-BF4B-00C04F79EFBC}") = "2115229_NguyenNhatLinh_Lab05", "2115229_NguyenNhatLinh_Lab05\2115229_NguyenNhatLinh_Lab05.csproj", "{0195A6DD-AC1F-4AF5-AC6C-94618077F07D}"
EndProject
Global
	GlobalSection(SolutionConfigurationPlatforms) = preSolution
		Debug|Any CPU = Debug|Any CPU
		Release|Any CPU = Release|Any CPU
	EndGlobalSection
	GlobalSection(ProjectConfigurationPlatforms) = postSolution
		{0195A6DD-AC1F-4AF5-AC6C-94618077F07D}.Debug|Any CPU.ActiveCfg = Debug|Any CPU
		{0195A6DD-AC1F-4AF5-AC6C-94618077F07D}.Debug|Any CPU.Build.0 = Debug|Any CPU
		{0195A6DD-AC1F-4AF5-AC6C-94618077F07D}.Release|Any CPU.ActiveCfg = Release|Any CPU
		{0195A6DD-AC1F-4AF5-AC6C-94618077F07D}.Release|Any CPU.Build.0 = Release|Any CPU
	EndGlobalSection
	GlobalSection(SolutionProperties) = preSolution
		HideSolutionNode = FALSE
	EndGlobalSection
	GlobalSection(ExtensibilityGlobals) = postSolution
		SolutionGuid = {206EDF4D-DEFE-4FAC-8BB5-B93631CBC1DB}
	EndGlobalSection
EndGlobal
