
Microsoft Visual Studio Solution File, Format Version 12.00
# Visual Studio Version 16
VisualStudioVersion = 16.0.30711.63
MinimumVisualStudioVersion = 10.0.40219.1
Project("{FAE04EC0-301F-11D3-BF4B-00C04F79EFBC}") = "2115229_NguyenNhatLinh", "2115229_NguyenNhatLinh\2115229_NguyenNhatLinh.csproj", "{9C64A62D-4FBB-4F13-B905-4CDB84406363}"
EndProject
Project("{FAE04EC0-301F-11D3-BF4B-00C04F79EFBC}") = "2115229_NguyenNhatLinh_Bai2", "2115229_NguyenNhatLinh_Bai2\2115229_NguyenNhatLinh_Bai2.csproj", "{3CD643B8-FD8B-464C-8849-EC74995CEC9A}"
EndProject
Global
	GlobalSection(SolutionConfigurationPlatforms) = preSolution
		Debug|Any CPU = Debug|Any CPU
		Release|Any CPU = Release|Any CPU
	EndGlobalSection
	GlobalSection(ProjectConfigurationPlatforms) = postSolution
		{9C64A62D-4FBB-4F13-B905-4CDB84406363}.Debug|Any CPU.ActiveCfg = Debug|Any CPU
		{9C64A62D-4FBB-4F13-B905-4CDB84406363}.Debug|Any CPU.Build.0 = Debug|Any CPU
		{9C64A62D-4FBB-4F13-B905-4CDB84406363}.Release|Any CPU.ActiveCfg = Release|Any CPU
		{9C64A62D-4FBB-4F13-B905-4CDB84406363}.Release|Any CPU.Build.0 = Release|Any CPU
		{3CD643B8-FD8B-464C-8849-EC74995CEC9A}.Debug|Any CPU.ActiveCfg = Debug|Any CPU
		{3CD643B8-FD8B-464C-8849-EC74995CEC9A}.Debug|Any CPU.Build.0 = Debug|Any CPU
		{3CD643B8-FD8B-464C-8849-EC74995CEC9A}.Release|Any CPU.ActiveCfg = Release|Any CPU
		{3CD643B8-FD8B-464C-8849-EC74995CEC9A}.Release|Any CPU.Build.0 = Release|Any CPU
	EndGlobalSection
	GlobalSection(SolutionProperties) = preSolution
		HideSolutionNode = FALSE
	EndGlobalSection
	GlobalSection(ExtensibilityGlobals) = postSolution
		SolutionGuid = {BD0DB458-8D32-4689-82CA-2CADFBDAACAE}
	EndGlobalSection
EndGlobal
